// !$*UTF8*$!
{
	archiveVersion = 1;
	classes = {
	};
	objectVersion = 55;
	objects = {

/* Begin PBXBuildFile section */
		9718A890273CBE9200B629AD /* NewRouterApp.swift in Sources */ = {isa = PBXBuildFile; fileRef = 9718A88F273CBE9200B629AD /* NewRouterApp.swift */; };
		9718A892273CBE9200B629AD /* ContentView.swift in Sources */ = {isa = PBXBuildFile; fileRef = 9718A891273CBE9200B629AD /* ContentView.swift */; };
		9718A894273CBE9300B629AD /* Assets.xcassets in Resources */ = {isa = PBXBuildFile; fileRef = 9718A893273CBE9300B629AD /* Assets.xcassets */; };
		9718A897273CBE9300B629AD /* Preview Assets.xcassets in Resources */ = {isa = PBXBuildFile; fileRef = 9718A896273CBE9300B629AD /* Preview Assets.xcassets */; };
		974FE7D927A0A0B80000C0ED /* viewModel.swift in Sources */ = {isa = PBXBuildFile; fileRef = 974FE7D827A0A0B80000C0ED /* viewModel.swift */; };
		974FE7DB27A0A1F20000C0ED /* RecipeView.swift in Sources */ = {isa = PBXBuildFile; fileRef = 974FE7DA27A0A1F20000C0ED /* RecipeView.swift */; };
		974FE7DD27A0AE360000C0ED /* WeekView.swift in Sources */ = {isa = PBXBuildFile; fileRef = 974FE7DC27A0AE360000C0ED /* WeekView.swift */; };
		974FE7DF27A0AE960000C0ED /* BuyView.swift in Sources */ = {isa = PBXBuildFile; fileRef = 974FE7DE27A0AE960000C0ED /* BuyView.swift */; };
		974FE7E127A0D6160000C0ED /* Tab.swift in Sources */ = {isa = PBXBuildFile; fileRef = 974FE7E027A0D6160000C0ED /* Tab.swift */; };
		974FE7E327A0DE220000C0ED /* Disclaimer.swift in Sources */ = {isa = PBXBuildFile; fileRef = 974FE7E227A0DE220000C0ED /* Disclaimer.swift */; };
/* End PBXBuildFile section */

/* Begin PBXFileReference section */
		9718A88C273CBE9200B629AD /* NewRouter.app */ = {isa = PBXFileReference; explicitFileType = wrapper.application; includeInIndex = 0; path = NewRouter.app; sourceTree = BUILT_PRODUCTS_DIR; };
		9718A88F273CBE9200B629AD /* NewRouterApp.swift */ = {isa = PBXFileReference; lastKnownFileType = sourcecode.swift; path = NewRouterApp.swift; sourceTree = "<group>"; };
		9718A891273CBE9200B629AD /* ContentView.swift */ = {isa = PBXFileReference; lastKnownFileType = sourcecode.swift; path = ContentView.swift; sourceTree = "<group>"; };
		9718A893273CBE9300B629AD /* Assets.xcassets */ = {isa = PBXFileReference; lastKnownFileType = folder.assetcatalog; path = Assets.xcassets; sourceTree = "<group>"; };
		9718A896273CBE9300B629AD /* Preview Assets.xcassets */ = {isa = PBXFileReference; lastKnownFileType = folder.assetcatalog; path = "Preview Assets.xcassets"; sourceTree = "<group>"; };
		974FE7D827A0A0B80000C0ED /* viewModel.swift */ = {isa = PBXFileReference; lastKnownFileType = sourcecode.swift; path = viewModel.swift; sourceTree = "<group>"; };
		974FE7DA27A0A1F20000C0ED /* RecipeView.swift */ = {isa = PBXFileReference; lastKnownFileType = sourcecode.swift; path = RecipeView.swift; sourceTree = "<group>"; };
		974FE7DC27A0AE360000C0ED /* WeekView.swift */ = {isa = PBXFileReference; lastKnownFileType = sourcecode.swift; path = WeekView.swift; sourceTree = "<group>"; };
		974FE7DE27A0AE960000C0ED /* BuyView.swift */ = {isa = PBXFileReference; lastKnownFileType = sourcecode.swift; path = BuyView.swift; sourceTree = "<group>"; };
		974FE7E027A0D6160000C0ED /* Tab.swift */ = {isa = PBXFileReference; lastKnownFileType = sourcecode.swift; path = Tab.swift; sourceTree = "<group>"; };
		974FE7E227A0DE220000C0ED /* Disclaimer.swift */ = {isa = PBXFileReference; lastKnownFileType = sourcecode.swift; path = Disclaimer.swift; sourceTree = "<group>"; };
/* End PBXFileReference section */

/* Begin PBXFrameworksBuildPhase section */
		9718A889273CBE9200B629AD /* Frameworks */ = {
			isa = PBXFrameworksBuildPhase;
			buildActionMask = 2147483647;
			files = (
			);
			runOnlyForDeploymentPostprocessing = 0;
		};
/* End PBXFrameworksBuildPhase section */

/* Begin PBXGroup section */
		9718A883273CBE9100B629AD = {
			isa = PBXGroup;
			children = (
				9718A88E273CBE9200B629AD /* NewRouter */,
				9718A88D273CBE9200B629AD /* Products */,
			);
			sourceTree = "<group>";
		};
		9718A88D273CBE9200B629AD /* Products */ = {
			isa = PBXGroup;
			children = (
				9718A88C273CBE9200B629AD /* NewRouter.app */,
			);
			name = Products;
			sourceTree = "<group>";
		};
		9718A88E273CBE9200B629AD /* NewRouter */ = {
			isa = PBXGroup;
			children = (
				974FE7D827A0A0B80000C0ED /* viewModel.swift */,
				9718A88F273CBE9200B629AD /* NewRouterApp.swift */,
				9718A891273CBE9200B629AD /* ContentView.swift */,
				974FE7DA27A0A1F20000C0ED /* RecipeView.swift */,
				974FE7DC27A0AE360000C0ED /* WeekView.swift */,
				974FE7DE27A0AE960000C0ED /* BuyView.swift */,
				974FE7E027A0D6160000C0ED /* Tab.swift */,
				9718A893273CBE9300B629AD /* Assets.xcassets */,
				9718A895273CBE9300B629AD /* Preview Content */,
				974FE7E227A0DE220000C0ED /* Disclaimer.swift */,
			);
			path = NewRouter;
			sourceTree = "<group>";
		};
		9718A895273CBE9300B629AD /* Preview Content */ = {
			isa = PBXGroup;
			children = (
				9718A896273CBE9300B629AD /* Preview Assets.xcassets */,
			);
			path = "Preview Content";
			sourceTree = "<group>";
		};
/* End PBXGroup section */

/* Begin PBXNativeTarget section */
		9718A88B273CBE9200B629AD /* NewRouter */ = {
			isa = PBXNativeTarget;
			buildConfigurationList = 9718A89A273CBE9300B629AD /* Build configuration list for PBXNativeTarget "NewRouter" */;
			buildPhases = (
				9718A888273CBE9200B629AD /* Sources */,
				9718A889273CBE9200B629AD /* Frameworks */,
				9718A88A273CBE9200B629AD /* Resources */,
			);
			buildRules = (
			);
			dependencies = (
			);
			name = NewRouter;
			productName = NewRouter;
			productReference = 9718A88C273CBE9200B629AD /* NewRouter.app */;
			productType = "com.apple.product-type.application";
		};
/* End PBXNativeTarget section */

/* Begin PBXProject section */
		9718A884273CBE9100B629AD /* Project object */ = {
			isa = PBXProject;
			attributes = {
				BuildIndependentTargetsInParallel = 1;
				LastSwiftUpdateCheck = 1310;
				LastUpgradeCheck = 1310;
				TargetAttributes = {
					9718A88B273CBE9200B629AD = {
						CreatedOnToolsVersion = 13.1;
					};
				};
			};
			buildConfigurationList = 9718A887273CBE9100B629AD /* Build configuration list for PBXProject "NewRouter" */;
			compatibilityVersion = "Xcode 13.0";
			developmentRegion = en;
			hasScannedForEncodings = 0;
			knownRegions = (
				en,
				Base,
			);
			mainGroup = 9718A883273CBE9100B629AD;
			productRefGroup = 9718A88D273CBE9200B629AD /* Products */;
			projectDirPath = "";
			projectRoot = "";
			targets = (
				9718A88B273CBE9200B629AD /* NewRouter */,
			);
		};
/* End PBXProject section */

/* Begin PBXResourcesBuildPhase section */
		9718A88A273CBE9200B629AD /* Resources */ = {
			isa = PBXResourcesBuildPhase;
			buildActionMask = 2147483647;
			files = (
				9718A897273CBE9300B629AD /* Preview Assets.xcassets in Resources */,
				9718A894273CBE9300B629AD /* Assets.xcassets in Resources */,
			);
			runOnlyForDeploymentPostprocessing = 0;
		};
/* End PBXResourcesBuildPhase section */

/* Begin PBXSourcesBuildPhase section */
		9718A888273CBE9200B629AD /* Sources */ = {
			isa = PBXSourcesBuildPhase;
			buildActionMask = 2147483647;
			files = (
				974FE7E327A0DE220000C0ED /* Disclaimer.swift in Sources */,
				9718A892273CBE9200B629AD /* ContentView.swift in Sources */,
				974FE7DF27A0AE960000C0ED /* BuyView.swift in Sources */,
				974FE7DD27A0AE360000C0ED /* WeekView.swift in Sources */,
				974FE7D927A0A0B80000C0ED /* viewModel.swift in Sources */,
				974FE7DB27A0A1F20000C0ED /* RecipeView.swift in Sources */,
				9718A890273CBE9200B629AD /* NewRouterApp.swift in Sources */,
				974FE7E127A0D6160000C0ED /* Tab.swift in Sources */,
			);
			runOnlyForDeploymentPostprocessing = 0;
		};
/* End PBXSourcesBuildPhase section */

/* Begin XCBuildConfiguration section */
		9718A898273CBE9300B629AD /* Debug */ = {
			isa = XCBuildConfiguration;
			buildSettings = {
				ALWAYS_SEARCH_USER_PATHS = NO;
				CLANG_ANALYZER_NONNULL = YES;
				CLANG_ANALYZER_NUMBER_OBJECT_CONVERSION = YES_AGGRESSIVE;
				CLANG_CXX_LANGUAGE_STANDARD = "gnu++17";
				CLANG_CXX_LIBRARY = "libc++";
				CLANG_ENABLE_MODULES = YES;
				CLANG_ENABLE_OBJC_ARC = YES;
				CLANG_ENABLE_OBJC_WEAK = YES;
				CLANG_WARN_BLOCK_CAPTURE_AUTORELEASING = YES;
				CLANG_WARN_BOOL_CONVERSION = YES;
				CLANG_WARN_COMMA = YES;
				CLANG_WARN_CONSTANT_CONVERSION = YES;
				CLANG_WARN_DEPRECATED_OBJC_IMPLEMENTATIONS = YES;
				CLANG_WARN_DIRECT_OBJC_ISA_USAGE = YES_ERROR;
				CLANG_WARN_DOCUMENTATION_COMMENTS = YES;
				CLANG_WARN_EMPTY_BODY = YES;
				CLANG_WARN_ENUM_CONVERSION = YES;
				CLANG_WARN_INFINITE_RECURSION = YES;
				CLANG_WARN_INT_CONVERSION = YES;
				CLANG_WARN_NON_LITERAL_NULL_CONVERSION = YES;
				CLANG_WARN_OBJC_IMPLICIT_RETAIN_SELF = YES;
				CLANG_WARN_OBJC_LITERAL_CONVERSION = YES;
				CLANG_WARN_OBJC_ROOT_CLASS = YES_ERROR;
				CLANG_WARN_QUOTED_INCLUDE_IN_FRAMEWORK_HEADER = YES;
				CLANG_WARN_RANGE_LOOP_ANALYSIS = YES;
				CLANG_WARN_STRICT_PROTOTYPES = YES;
				CLANG_WARN_SUSPICIOUS_MOVE = YES;
				CLANG_WARN_UNGUARDED_AVAILABILITY = YES_AGGRESSIVE;
				CLANG_WARN_UNREACHABLE_CODE = YES;
				CLANG_WARN__DUPLICATE_METHOD_MATCH = YES;
				COPY_PHASE_STRIP = NO;
				DEBUG_INFORMATION_FORMAT = dwarf;
				ENABLE_STRICT_OBJC_MSGSEND = YES;
				ENABLE_TESTABILITY = YES;
				GCC_C_LANGUAGE_STANDARD = gnu11;
				GCC_DYNAMIC_NO_PIC = NO;
				GCC_NO_COMMON_BLOCKS = YES;
				GCC_OPTIMIZATION_LEVEL = 0;
				GCC_PREPROCESSOR_DEFINITIONS = (
					"DEBUG=1",
					"$(inherited)",
				);
				GCC_WARN_64_TO_32_BIT_CONVERSION = YES;
				GCC_WARN_ABOUT_RETURN_TYPE = YES_ERROR;
				GCC_WARN_UNDECLARED_SELECTOR = YES;
				GCC_WARN_UNINITIALIZED_AUTOS = YES_AGGRESSIVE;
				GCC_WARN_UNUSED_FUNCTION = YES;
				GCC_WARN_UNUSED_VARIABLE = YES;
				IPHONEOS_DEPLOYMENT_TARGET = 15.0;
				MTL_ENABLE_DEBUG_INFO = INCLUDE_SOURCE;
				MTL_FAST_MATH = YES;
				ONLY_ACTIVE_ARCH = YES;
				SDKROOT = iphoneos;
				SWIFT_ACTIVE_COMPILATION_CONDITIONS = DEBUG;
				SWIFT_OPTIMIZATION_LEVEL = "-Onone";
			};
			name = Debug;
		};
		9718A899273CBE9300B629AD /* Release */ = {
			isa = XCBuildConfiguration;
			buildSettings = {
				ALWAYS_SEARCH_USER_PATHS = NO;
				CLANG_ANALYZER_NONNULL = YES;
				CLANG_ANALYZER_NUMBER_OBJECT_CONVERSION = YES_AGGRESSIVE;
				CLANG_CXX_LANGUAGE_STANDARD = "gnu++17";
				CLANG_CXX_LIBRARY = "libc++";
				CLANG_ENABLE_MODULES = YES;
				CLANG_ENABLE_OBJC_ARC = YES;
				CLANG_ENABLE_OBJC_WEAK = YES;
				CLANG_WARN_BLOCK_CAPTURE_AUTORELEASING = YES;
				CLANG_WARN_BOOL_CONVERSION = YES;
				CLANG_WARN_COMMA = YES;
				CLANG_WARN_CONSTANT_CONVERSION = YES;
				CLANG_WARN_DEPRECATED_OBJC_IMPLEMENTATIONS = YES;
				CLANG_WARN_DIRECT_OBJC_ISA_USAGE = YES_ERROR;
				CLANG_WARN_DOCUMENTATION_COMMENTS = YES;
				CLANG_WARN_EMPTY_BODY = YES;
				CLANG_WARN_ENUM_CONVERSION = YES;
				CLANG_WARN_INFINITE_RECURSION = YES;
				CLANG_WARN_INT_CONVERSION = YES;
				CLANG_WARN_NON_LITERAL_NULL_CONVERSION = YES;
				CLANG_WARN_OBJC_IMPLICIT_RETAIN_SELF = YES;
				CLANG_WARN_OBJC_LITERAL_CONVERSION = YES;
				CLANG_WARN_OBJC_ROOT_CLASS = YES_ERROR;
				CLANG_WARN_QUOTED_INCLUDE_IN_FRAMEWORK_HEADER = YES;
				CLANG_WARN_RANGE_LOOP_ANALYSIS = YES;
				CLANG_WARN_STRICT_PROTOTYPES = YES;
				CLANG_WARN_SUSPICIOUS_MOVE = YES;
				CLANG_WARN_UNGUARDED_AVAILABILITY = YES_AGGRESSIVE;
				CLANG_WARN_UNREACHABLE_CODE = YES;
				CLANG_WARN__DUPLICATE_METHOD_MATCH = YES;
				COPY_PHASE_STRIP = NO;
				DEBUG_INFORMATION_FORMAT = "dwarf-with-dsym";
				ENABLE_NS_ASSERTIONS = NO;
				ENABLE_STRICT_OBJC_MSGSEND = YES;
				GCC_C_LANGUAGE_STANDARD = gnu11;
				GCC_NO_COMMON_BLOCKS = YES;
				GCC_WARN_64_TO_32_BIT_CONVERSION = YES;
				GCC_WARN_ABOUT_RETURN_TYPE = YES_ERROR;
				GCC_WARN_UNDECLARED_SELECTOR = YES;
				GCC_WARN_UNINITIALIZED_AUTOS = YES_AGGRESSIVE;
				GCC_WARN_UNUSED_FUNCTION = YES;
				GCC_WARN_UNUSED_VARIABLE = YES;
				IPHONEOS_DEPLOYMENT_TARGET = 15.0;
				MTL_ENABLE_DEBUG_INFO = NO;
				MTL_FAST_MATH = YES;
				SDKROOT = iphoneos;
				SWIFT_COMPILATION_MODE = wholemodule;
				SWIFT_OPTIMIZATION_LEVEL = "-O";
				VALIDATE_PRODUCT = YES;
			};
			name = Release;
		};
		9718A89B273CBE9300B629AD /* Debug */ = {
			isa = XCBuildConfiguration;
			buildSettings = {
				ASSETCATALOG_COMPILER_APPICON_NAME = AppIcon;
				ASSETCATALOG_COMPILER_GLOBAL_ACCENT_COLOR_NAME = AccentColor;
				ASSETCATALOG_COMPILER_INCLUDE_ALL_APPICON_ASSETS = YES;
				CODE_SIGN_STYLE = Automatic;
				CURRENT_PROJECT_VERSION = 1;
				DEVELOPMENT_ASSET_PATHS = "\"NewRouter/Preview Content\"";
				DEVELOPMENT_TEAM = CK3KJ77BKS;
				ENABLE_PREVIEWS = YES;
				GENERATE_INFOPLIST_FILE = YES;
				INFOPLIST_KEY_UIApplicationSceneManifest_Generation = YES;
				INFOPLIST_KEY_UIApplicationSupportsIndirectInputEvents = YES;
				INFOPLIST_KEY_UILaunchScreen_Generation = YES;
				INFOPLIST_KEY_UISupportedInterfaceOrientations_iPad = "UIInterfaceOrientationPortrait UIInterfaceOrientationPortraitUpsideDown UIInterfaceOrientationLandscapeLeft UIInterfaceOrientationLandscapeRight";
				INFOPLIST_KEY_UISupportedInterfaceOrientations_iPhone = "UIInterfaceOrientationPortrait UIInterfaceOrientationLandscapeLeft UIInterfaceOrientationLandscapeRight";
				IPHONEOS_DEPLOYMENT_TARGET = 15.0;
				LD_RUNPATH_SEARCH_PATHS = (
					"$(inherited)",
					"@executable_path/Frameworks",
				);
				MARKETING_VERSION = 1.0;
				PRODUCT_BUNDLE_IDENTIFIER = JHA.NewRouter;
				PRODUCT_NAME = "$(TARGET_NAME)";
				SWIFT_EMIT_LOC_STRINGS = YES;
				SWIFT_VERSION = 5.0;
				TARGETED_DEVICE_FAMILY = "1,2";
			};
			name = Debug;
		};
		9718A89C273CBE9300B629AD /* Release */ = {
			isa = XCBuildConfiguration;
			buildSettings = {
				ASSETCATALOG_COMPILER_APPICON_NAME = AppIcon;
				ASSETCATALOG_COMPILER_GLOBAL_ACCENT_COLOR_NAME = AccentColor;
				ASSETCATALOG_COMPILER_INCLUDE_ALL_APPICON_ASSETS = YES;
				CODE_SIGN_STYLE = Automatic;
				CURRENT_PROJECT_VERSION = 1;
				DEVELOPMENT_ASSET_PATHS = "\"NewRouter/Preview Content\"";
				DEVELOPMENT_TEAM = CK3KJ77BKS;
				ENABLE_PREVIEWS = YES;
				GENERATE_INFOPLIST_FILE = YES;
				INFOPLIST_KEY_UIApplicationSceneManifest_Generation = YES;
				INFOPLIST_KEY_UIApplicationSupportsIndirectInputEvents = YES;
				INFOPLIST_KEY_UILaunchScreen_Generation = YES;
				INFOPLIST_KEY_UISupportedInterfaceOrientations_iPad = "UIInterfaceOrientationPortrait UIInterfaceOrientationPortraitUpsideDown UIInterfaceOrientationLandscapeLeft UIInterfaceOrientationLandscapeRight";
				INFOPLIST_KEY_UISupportedInterfaceOrientations_iPhone = "UIInterfaceOrientationPortrait UIInterfaceOrientationLandscapeLeft UIInterfaceOrientationLandscapeRight";
				IPHONEOS_DEPLOYMENT_TARGET = 15.0;
				LD_RUNPATH_SEARCH_PATHS = (
					"$(inherited)",
					"@executable_path/Frameworks",
				);
				MARKETING_VERSION = 1.0;
				PRODUCT_BUNDLE_IDENTIFIER = JHA.NewRouter;
				PRODUCT_NAME = "$(TARGET_NAME)";
				SWIFT_EMIT_LOC_STRINGS = YES;
				SWIFT_VERSION = 5.0;
				TARGETED_DEVICE_FAMILY = "1,2";
			};
			name = Release;
		};
/* End XCBuildConfiguration section */

/* Begin XCConfigurationList section */
		9718A887273CBE9100B629AD /* Build configuration list for PBXProject "NewRouter" */ = {
			isa = XCConfigurationList;
			buildConfigurations = (
				9718A898273CBE9300B629AD /* Debug */,
				9718A899273CBE9300B629AD /* Release */,
			);
			defaultConfigurationIsVisible = 0;
			defaultConfigurationName = Release;
		};
		9718A89A273CBE9300B629AD /* Build configuration list for PBXNativeTarget "NewRouter" */ = {
			isa = XCConfigurationList;
			buildConfigurations = (
				9718A89B273CBE9300B629AD /* Debug */,
				9718A89C273CBE9300B629AD /* Release */,
			);
			defaultConfigurationIsVisible = 0;
			defaultConfigurationName = Release;
		};
/* End XCConfigurationList section */
	};
	rootObject = 9718A884273CBE9100B629AD /* Project object */;
}
